
Microsoft Visual Studio Solution File, Format Version 12.00
# Visual Studio Version 17
VisualStudioVersion = 17.5.33424.131
MinimumVisualStudioVersion = 10.0.40219.1
Project("{FAE04EC0-301F-11D3-BF4B-00C04F79EFBC}") = "BasicPrograms", "BasicPrograms\BasicPrograms.csproj", "{B8DB547D-638F-4BF4-9E08-4ABFE1087E86}"
EndProject
Global
	GlobalSection(SolutionConfigurationPlatforms) = preSolution
		Debug|Any CPU = Debug|Any CPU
		Release|Any CPU = Release|Any CPU
	EndGlobalSection
	GlobalSection(ProjectConfigurationPlatforms) = postSolution
		{B8DB547D-638F-4BF4-9E08-4ABFE1087E86}.Debug|Any CPU.ActiveCfg = Debug|Any CPU
		{B8DB547D-638F-4BF4-9E08-4ABFE1087E86}.Debug|Any CPU.Build.0 = Debug|Any CPU
		{B8DB547D-638F-4BF4-9E08-4ABFE1087E86}.Release|Any CPU.ActiveCfg = Release|Any CPU
		{B8DB547D-638F-4BF4-9E08-4ABFE1087E86}.Release|Any CPU.Build.0 = Release|Any CPU
	EndGlobalSection
	GlobalSection(SolutionProperties) = preSolution
		HideSolutionNode = FALSE
	EndGlobalSection
	GlobalSection(ExtensibilityGlobals) = postSolution
		SolutionGuid = {C68C1B7A-1327-41A3-90E7-CFC829445729}
	EndGlobalSection
EndGlobal
